// !$*UTF8*$!
{
	archiveVersion = 1;
	classes = {
	};
	objectVersion = 51;
	objects = {

/* Begin PBXBuildFile section */
		14BAF9EA1A84D94CF6167E5E /* Pods_MagicHour1.framework in Frameworks */ = {isa = PBXBuildFile; fileRef = DCB81170A576CDE408442631 /* Pods_MagicHour1.framework */; };
		42BF5B4523C80EF3004F4B34 /* AppDelegate.swift in Sources */ = {isa = PBXBuildFile; fileRef = 42BF5B4423C80EF3004F4B34 /* AppDelegate.swift */; };
		42BF5B4723C80EF3004F4B34 /* ViewController.swift in Sources */ = {isa = PBXBuildFile; fileRef = 42BF5B4623C80EF3004F4B34 /* ViewController.swift */; };
		42BF5B4A23C80EF3004F4B34 /* Main.storyboard in Resources */ = {isa = PBXBuildFile; fileRef = 42BF5B4823C80EF3004F4B34 /* Main.storyboard */; };
		42BF5B4C23C80EF4004F4B34 /* Assets.xcassets in Resources */ = {isa = PBXBuildFile; fileRef = 42BF5B4B23C80EF4004F4B34 /* Assets.xcassets */; };
		42BF5B4F23C80EF4004F4B34 /* LaunchScreen.storyboard in Resources */ = {isa = PBXBuildFile; fileRef = 42BF5B4D23C80EF4004F4B34 /* LaunchScreen.storyboard */; };
/* End PBXBuildFile section */

/* Begin PBXFileReference section */
		42712A5423D8769500D54534 /* MagicHour1.entitlements */ = {isa = PBXFileReference; lastKnownFileType = text.plist.entitlements; path = MagicHour1.entitlements; sourceTree = "<group>"; };
		42BF5B4123C80EF3004F4B34 /* MagicHour1.app */ = {isa = PBXFileReference; explicitFileType = wrapper.application; includeInIndex = 0; path = MagicHour1.app; sourceTree = BUILT_PRODUCTS_DIR; };
		42BF5B4423C80EF3004F4B34 /* AppDelegate.swift */ = {isa = PBXFileReference; lastKnownFileType = sourcecode.swift; path = AppDelegate.swift; sourceTree = "<group>"; };
		42BF5B4623C80EF3004F4B34 /* ViewController.swift */ = {isa = PBXFileReference; lastKnownFileType = sourcecode.swift; path = ViewController.swift; sourceTree = "<group>"; };
		42BF5B4923C80EF3004F4B34 /* Base */ = {isa = PBXFileReference; lastKnownFileType = file.storyboard; name = Base; path = Base.lproj/Main.storyboard; sourceTree = "<group>"; };
		42BF5B4B23C80EF4004F4B34 /* Assets.xcassets */ = {isa = PBXFileReference; lastKnownFileType = folder.assetcatalog; path = Assets.xcassets; sourceTree = "<group>"; };
		42BF5B4E23C80EF4004F4B34 /* Base */ = {isa = PBXFileReference; lastKnownFileType = file.storyboard; name = Base; path = Base.lproj/LaunchScreen.storyboard; sourceTree = "<group>"; };
		42BF5B5023C80EF4004F4B34 /* Info.plist */ = {isa = PBXFileReference; lastKnownFileType = text.plist.xml; path = Info.plist; sourceTree = "<group>"; };
		9DE6DE18E6681318D5A2A43C /* Pods-MagicHour1.release.xcconfig */ = {isa = PBXFileReference; includeInIndex = 1; lastKnownFileType = text.xcconfig; name = "Pods-MagicHour1.release.xcconfig"; path = "Target Support Files/Pods-MagicHour1/Pods-MagicHour1.release.xcconfig"; sourceTree = "<group>"; };
		DCB81170A576CDE408442631 /* Pods_MagicHour1.framework */ = {isa = PBXFileReference; explicitFileType = wrapper.framework; includeInIndex = 0; path = Pods_MagicHour1.framework; sourceTree = BUILT_PRODUCTS_DIR; };
		FD9AA90ED10449EE1F03A8AC /* Pods-MagicHour1.debug.xcconfig */ = {isa = PBXFileReference; includeInIndex = 1; lastKnownFileType = text.xcconfig; name = "Pods-MagicHour1.debug.xcconfig"; path = "Target Support Files/Pods-MagicHour1/Pods-MagicHour1.debug.xcconfig"; sourceTree = "<group>"; };
/* End PBXFileReference section */

/* Begin PBXFrameworksBuildPhase section */
		42BF5B3E23C80EF3004F4B34 /* Frameworks */ = {
			isa = PBXFrameworksBuildPhase;
			buildActionMask = 2147483647;
			files = (
				14BAF9EA1A84D94CF6167E5E /* Pods_MagicHour1.framework in Frameworks */,
			);
			runOnlyForDeploymentPostprocessing = 0;
		};
/* End PBXFrameworksBuildPhase section */

/* Begin PBXGroup section */
		3AAC694880DD38109A9483C3 /* Pods */ = {
			isa = PBXGroup;
			children = (
				FD9AA90ED10449EE1F03A8AC /* Pods-MagicHour1.debug.xcconfig */,
				9DE6DE18E6681318D5A2A43C /* Pods-MagicHour1.release.xcconfig */,
			);
			path = Pods;
			sourceTree = "<group>";
		};
		42BF5B3823C80EF3004F4B34 = {
			isa = PBXGroup;
			children = (
				42BF5B4323C80EF3004F4B34 /* MagicHour1 */,
				42BF5B4223C80EF3004F4B34 /* Products */,
				3AAC694880DD38109A9483C3 /* Pods */,
				D7DFC5BE6E60D479351ABCEB /* Frameworks */,
			);
			sourceTree = "<group>";
		};
		42BF5B4223C80EF3004F4B34 /* Products */ = {
			isa = PBXGroup;
			children = (
				42BF5B4123C80EF3004F4B34 /* MagicHour1.app */,
			);
			name = Products;
			sourceTree = "<group>";
		};
		42BF5B4323C80EF3004F4B34 /* MagicHour1 */ = {
			isa = PBXGroup;
			children = (
				42712A5423D8769500D54534 /* MagicHour1.entitlements */,
				42BF5B4423C80EF3004F4B34 /* AppDelegate.swift */,
				42BF5B4623C80EF3004F4B34 /* ViewController.swift */,
				42BF5B4823C80EF3004F4B34 /* Main.storyboard */,
				42BF5B4B23C80EF4004F4B34 /* Assets.xcassets */,
				42BF5B4D23C80EF4004F4B34 /* LaunchScreen.storyboard */,
				42BF5B5023C80EF4004F4B34 /* Info.plist */,
			);
			path = MagicHour1;
			sourceTree = "<group>";
		};
		D7DFC5BE6E60D479351ABCEB /* Frameworks */ = {
			isa = PBXGroup;
			children = (
				DCB81170A576CDE408442631 /* Pods_MagicHour1.framework */,
			);
			name = Frameworks;
			sourceTree = "<group>";
		};
/* End PBXGroup section */

/* Begin PBXNativeTarget section */
		42BF5B4023C80EF3004F4B34 /* MagicHour1 */ = {
			isa = PBXNativeTarget;
			buildConfigurationList = 42BF5B5323C80EF4004F4B34 /* Build configuration list for PBXNativeTarget "MagicHour1" */;
			buildPhases = (
				1048A2E6767C8566D0376BED /* [CP] Check Pods Manifest.lock */,
				42BF5B3D23C80EF3004F4B34 /* Sources */,
				42BF5B3E23C80EF3004F4B34 /* Frameworks */,
				42BF5B3F23C80EF3004F4B34 /* Resources */,
				127DBD778BB344B054CA0BAB /* [CP] Embed Pods Frameworks */,
			);
			buildRules = (
			);
			dependencies = (
			);
			name = MagicHour1;
			productName = MagicHour1;
			productReference = 42BF5B4123C80EF3004F4B34 /* MagicHour1.app */;
			productType = "com.apple.product-type.application";
		};
/* End PBXNativeTarget section */

/* Begin PBXProject section */
		42BF5B3923C80EF3004F4B34 /* Project object */ = {
			isa = PBXProject;
			attributes = {
				LastSwiftUpdateCheck = 1010;
				LastUpgradeCheck = 1010;
				ORGANIZATIONNAME = higuchiryunosuke;
				TargetAttributes = {
					42BF5B4023C80EF3004F4B34 = {
						CreatedOnToolsVersion = 10.1;
					};
				};
			};
			buildConfigurationList = 42BF5B3C23C80EF3004F4B34 /* Build configuration list for PBXProject "MagicHour1" */;
			compatibilityVersion = "Xcode 9.3";
			developmentRegion = en;
			hasScannedForEncodings = 0;
			knownRegions = (
				en,
				Base,
			);
			mainGroup = 42BF5B3823C80EF3004F4B34;
			productRefGroup = 42BF5B4223C80EF3004F4B34 /* Products */;
			projectDirPath = "";
			projectRoot = "";
			targets = (
				42BF5B4023C80EF3004F4B34 /* MagicHour1 */,
			);
		};
/* End PBXProject section */

/* Begin PBXResourcesBuildPhase section */
		42BF5B3F23C80EF3004F4B34 /* Resources */ = {
			isa = PBXResourcesBuildPhase;
			buildActionMask = 2147483647;
			files = (
				42BF5B4F23C80EF4004F4B34 /* LaunchScreen.storyboard in Resources */,
				42BF5B4C23C80EF4004F4B34 /* Assets.xcassets in Resources */,
				42BF5B4A23C80EF3004F4B34 /* Main.storyboard in Resources */,
			);
			runOnlyForDeploymentPostprocessing = 0;
		};
/* End PBXResourcesBuildPhase section */

/* Begin PBXShellScriptBuildPhase section */
		1048A2E6767C8566D0376BED /* [CP] Check Pods Manifest.lock */ = {
			isa = PBXShellScriptBuildPhase;
			buildActionMask = 2147483647;
			files = (
			);
			inputFileListPaths = (
			);
			inputPaths = (
				"${PODS_PODFILE_DIR_PATH}/Podfile.lock",
				"${PODS_ROOT}/Manifest.lock",
			);
			name = "[CP] Check Pods Manifest.lock";
			outputFileListPaths = (
			);
			outputPaths = (
				"$(DERIVED_FILE_DIR)/Pods-MagicHour1-checkManifestLockResult.txt",
			);
			runOnlyForDeploymentPostprocessing = 0;
			shellPath = /bin/sh;
			shellScript = "diff \"${PODS_PODFILE_DIR_PATH}/Podfile.lock\" \"${PODS_ROOT}/Manifest.lock\" > /dev/null\nif [ $? != 0 ] ; then\n    # print error to STDERR\n    echo \"error: The sandbox is not in sync with the Podfile.lock. Run 'pod install' or update your CocoaPods installation.\" >&2\n    exit 1\nfi\n# This output is used by Xcode 'outputs' to avoid re-running this script phase.\necho \"SUCCESS\" > \"${SCRIPT_OUTPUT_FILE_0}\"\n";
			showEnvVarsInLog = 0;
		};
		127DBD778BB344B054CA0BAB /* [CP] Embed Pods Frameworks */ = {
			isa = PBXShellScriptBuildPhase;
			buildActionMask = 2147483647;
			files = (
			);
			inputFileListPaths = (
				"${PODS_ROOT}/Target Support Files/Pods-MagicHour1/Pods-MagicHour1-frameworks-${CONFIGURATION}-input-files.xcfilelist",
			);
			name = "[CP] Embed Pods Frameworks";
			outputFileListPaths = (
				"${PODS_ROOT}/Target Support Files/Pods-MagicHour1/Pods-MagicHour1-frameworks-${CONFIGURATION}-output-files.xcfilelist",
			);
			runOnlyForDeploymentPostprocessing = 0;
			shellPath = /bin/sh;
			shellScript = "\"${PODS_ROOT}/Target Support Files/Pods-MagicHour1/Pods-MagicHour1-frameworks.sh\"\n";
			showEnvVarsInLog = 0;
		};
/* End PBXShellScriptBuildPhase section */

/* Begin PBXSourcesBuildPhase section */
		42BF5B3D23C80EF3004F4B34 /* Sources */ = {
			isa = PBXSourcesBuildPhase;
			buildActionMask = 2147483647;
			files = (
				42BF5B4723C80EF3004F4B34 /* ViewController.swift in Sources */,
				42BF5B4523C80EF3004F4B34 /* AppDelegate.swift in Sources */,
			);
			runOnlyForDeploymentPostprocessing = 0;
		};
/* End PBXSourcesBuildPhase section */

/* Begin PBXVariantGroup section */
		42BF5B4823C80EF3004F4B34 /* Main.storyboard */ = {
			isa = PBXVariantGroup;
			children = (
				42BF5B4923C80EF3004F4B34 /* Base */,
			);
			name = Main.storyboard;
			sourceTree = "<group>";
		};
		42BF5B4D23C80EF4004F4B34 /* LaunchScreen.storyboard */ = {
			isa = PBXVariantGroup;
			children = (
				42BF5B4E23C80EF4004F4B34 /* Base */,
			);
			name = LaunchScreen.storyboard;
			sourceTree = "<group>";
		};
/* End PBXVariantGroup section */

/* Begin XCBuildConfiguration section */
		42BF5B5123C80EF4004F4B34 /* Debug */ = {
			isa = XCBuildConfiguration;
			buildSettings = {
				ALWAYS_SEARCH_USER_PATHS = NO;
				CLANG_ANALYZER_NONNULL = YES;
				CLANG_ANALYZER_NUMBER_OBJECT_CONVERSION = YES_AGGRESSIVE;
				CLANG_CXX_LANGUAGE_STANDARD = "gnu++14";
				CLANG_CXX_LIBRARY = "libc++";
				CLANG_ENABLE_MODULES = YES;
				CLANG_ENABLE_OBJC_ARC = YES;
				CLANG_ENABLE_OBJC_WEAK = YES;
				CLANG_WARN_BLOCK_CAPTURE_AUTORELEASING = YES;
				CLANG_WARN_BOOL_CONVERSION = YES;
				CLANG_WARN_COMMA = YES;
				CLANG_WARN_CONSTANT_CONVERSION = YES;
				CLANG_WARN_DEPRECATED_OBJC_IMPLEMENTATIONS = YES;
				CLANG_WARN_DIRECT_OBJC_ISA_USAGE = YES_ERROR;
				CLANG_WARN_DOCUMENTATION_COMMENTS = YES;
				CLANG_WARN_EMPTY_BODY = YES;
				CLANG_WARN_ENUM_CONVERSION = YES;
				CLANG_WARN_INFINITE_RECURSION = YES;
				CLANG_WARN_INT_CONVERSION = YES;
				CLANG_WARN_NON_LITERAL_NULL_CONVERSION = YES;
				CLANG_WARN_OBJC_IMPLICIT_RETAIN_SELF = YES;
				CLANG_WARN_OBJC_LITERAL_CONVERSION = YES;
				CLANG_WARN_OBJC_ROOT_CLASS = YES_ERROR;
				CLANG_WARN_RANGE_LOOP_ANALYSIS = YES;
				CLANG_WARN_STRICT_PROTOTYPES = YES;
				CLANG_WARN_SUSPICIOUS_MOVE = YES;
				CLANG_WARN_UNGUARDED_AVAILABILITY = YES_AGGRESSIVE;
				CLANG_WARN_UNREACHABLE_CODE = YES;
				CLANG_WARN__DUPLICATE_METHOD_MATCH = YES;
				CODE_SIGN_IDENTITY = "iPhone Developer";
				COPY_PHASE_STRIP = NO;
				DEBUG_INFORMATION_FORMAT = dwarf;
				ENABLE_STRICT_OBJC_MSGSEND = YES;
				ENABLE_TESTABILITY = YES;
				GCC_C_LANGUAGE_STANDARD = gnu11;
				GCC_DYNAMIC_NO_PIC = NO;
				GCC_NO_COMMON_BLOCKS = YES;
				GCC_OPTIMIZATION_LEVEL = 0;
				GCC_PREPROCESSOR_DEFINITIONS = (
					"DEBUG=1",
					"$(inherited)",
				);
				GCC_WARN_64_TO_32_BIT_CONVERSION = YES;
				GCC_WARN_ABOUT_RETURN_TYPE = YES_ERROR;
				GCC_WARN_UNDECLARED_SELECTOR = YES;
				GCC_WARN_UNINITIALIZED_AUTOS = YES_AGGRESSIVE;
				GCC_WARN_UNUSED_FUNCTION = YES;
				GCC_WARN_UNUSED_VARIABLE = YES;
				IPHONEOS_DEPLOYMENT_TARGET = 12.1;
				MTL_ENABLE_DEBUG_INFO = INCLUDE_SOURCE;
				MTL_FAST_MATH = YES;
				ONLY_ACTIVE_ARCH = YES;
				SDKROOT = iphoneos;
				SWIFT_ACTIVE_COMPILATION_CONDITIONS = DEBUG;
				SWIFT_OPTIMIZATION_LEVEL = "-Onone";
			};
			name = Debug;
		};
		42BF5B5223C80EF4004F4B34 /* Release */ = {
			isa = XCBuildConfiguration;
			buildSettings = {
				ALWAYS_SEARCH_USER_PATHS = NO;
				CLANG_ANALYZER_NONNULL = YES;
				CLANG_ANALYZER_NUMBER_OBJECT_CONVERSION = YES_AGGRESSIVE;
				CLANG_CXX_LANGUAGE_STANDARD = "gnu++14";
				CLANG_CXX_LIBRARY = "libc++";
				CLANG_ENABLE_MODULES = YES;
				CLANG_ENABLE_OBJC_ARC = YES;
				CLANG_ENABLE_OBJC_WEAK = YES;
				CLANG_WARN_BLOCK_CAPTURE_AUTORELEASING = YES;
				CLANG_WARN_BOOL_CONVERSION = YES;
				CLANG_WARN_COMMA = YES;
				CLANG_WARN_CONSTANT_CONVERSION = YES;
				CLANG_WARN_DEPRECATED_OBJC_IMPLEMENTATIONS = YES;
				CLANG_WARN_DIRECT_OBJC_ISA_USAGE = YES_ERROR;
				CLANG_WARN_DOCUMENTATION_COMMENTS = YES;
				CLANG_WARN_EMPTY_BODY = YES;
				CLANG_WARN_ENUM_CONVERSION = YES;
				CLANG_WARN_INFINITE_RECURSION = YES;
				CLANG_WARN_INT_CONVERSION = YES;
				CLANG_WARN_NON_LITERAL_NULL_CONVERSION = YES;
				CLANG_WARN_OBJC_IMPLICIT_RETAIN_SELF = YES;
				CLANG_WARN_OBJC_LITERAL_CONVERSION = YES;
				CLANG_WARN_OBJC_ROOT_CLASS = YES_ERROR;
				CLANG_WARN_RANGE_LOOP_ANALYSIS = YES;
				CLANG_WARN_STRICT_PROTOTYPES = YES;
				CLANG_WARN_SUSPICIOUS_MOVE = YES;
				CLANG_WARN_UNGUARDED_AVAILABILITY = YES_AGGRESSIVE;
				CLANG_WARN_UNREACHABLE_CODE = YES;
				CLANG_WARN__DUPLICATE_METHOD_MATCH = YES;
				CODE_SIGN_IDENTITY = "iPhone Developer";
				COPY_PHASE_STRIP = NO;
				DEBUG_INFORMATION_FORMAT = "dwarf-with-dsym";
				ENABLE_NS_ASSERTIONS = NO;
				ENABLE_STRICT_OBJC_MSGSEND = YES;
				GCC_C_LANGUAGE_STANDARD = gnu11;
				GCC_NO_COMMON_BLOCKS = YES;
				GCC_WARN_64_TO_32_BIT_CONVERSION = YES;
				GCC_WARN_ABOUT_RETURN_TYPE = YES_ERROR;
				GCC_WARN_UNDECLARED_SELECTOR = YES;
				GCC_WARN_UNINITIALIZED_AUTOS = YES_AGGRESSIVE;
				GCC_WARN_UNUSED_FUNCTION = YES;
				GCC_WARN_UNUSED_VARIABLE = YES;
				IPHONEOS_DEPLOYMENT_TARGET = 12.1;
				MTL_ENABLE_DEBUG_INFO = NO;
				MTL_FAST_MATH = YES;
				SDKROOT = iphoneos;
				SWIFT_COMPILATION_MODE = wholemodule;
				SWIFT_OPTIMIZATION_LEVEL = "-O";
				VALIDATE_PRODUCT = YES;
			};
			name = Release;
		};
		42BF5B5423C80EF4004F4B34 /* Debug */ = {
			isa = XCBuildConfiguration;
			baseConfigurationReference = FD9AA90ED10449EE1F03A8AC /* Pods-MagicHour1.debug.xcconfig */;
			buildSettings = {
				ASSETCATALOG_COMPILER_APPICON_NAME = AppIcon;
				CODE_SIGN_ENTITLEMENTS = MagicHour1/MagicHour1.entitlements;
				CODE_SIGN_STYLE = Automatic;
				DEVELOPMENT_TEAM = 5DP37SM992;
				INFOPLIST_FILE = MagicHour1/Info.plist;
				LD_RUNPATH_SEARCH_PATHS = (
					"$(inherited)",
					"@executable_path/Frameworks",
				);
				PRODUCT_BUNDLE_IDENTIFIER = com.higuchiryunosuke.MagicHourApp;
				PRODUCT_NAME = "$(TARGET_NAME)";
				SWIFT_VERSION = 4.2;
				TARGETED_DEVICE_FAMILY = "1,2";
			};
			name = Debug;
		};
		42BF5B5523C80EF4004F4B34 /* Release */ = {
			isa = XCBuildConfiguration;
			baseConfigurationReference = 9DE6DE18E6681318D5A2A43C /* Pods-MagicHour1.release.xcconfig */;
			buildSettings = {
				ASSETCATALOG_COMPILER_APPICON_NAME = AppIcon;
				CODE_SIGN_ENTITLEMENTS = MagicHour1/MagicHour1.entitlements;
				CODE_SIGN_STYLE = Automatic;
				DEVELOPMENT_TEAM = 5DP37SM992;
				INFOPLIST_FILE = MagicHour1/Info.plist;
				LD_RUNPATH_SEARCH_PATHS = (
					"$(inherited)",
					"@executable_path/Frameworks",
				);
				PRODUCT_BUNDLE_IDENTIFIER = com.higuchiryunosuke.MagicHourApp;
				PRODUCT_NAME = "$(TARGET_NAME)";
				SWIFT_VERSION = 4.2;
				TARGETED_DEVICE_FAMILY = "1,2";
			};
			name = Release;
		};
/* End XCBuildConfiguration section */

/* Begin XCConfigurationList section */
		42BF5B3C23C80EF3004F4B34 /* Build configuration list for PBXProject "MagicHour1" */ = {
			isa = XCConfigurationList;
			buildConfigurations = (
				42BF5B5123C80EF4004F4B34 /* Debug */,
				42BF5B5223C80EF4004F4B34 /* Release */,
			);
			defaultConfigurationIsVisible = 0;
			defaultConfigurationName = Release;
		};
		42BF5B5323C80EF4004F4B34 /* Build configuration list for PBXNativeTarget "MagicHour1" */ = {
			isa = XCConfigurationList;
			buildConfigurations = (
				42BF5B5423C80EF4004F4B34 /* Debug */,
				42BF5B5523C80EF4004F4B34 /* Release */,
			);
			defaultConfigurationIsVisible = 0;
			defaultConfigurationName = Release;
		};
/* End XCConfigurationList section */
	};
	rootObject = 42BF5B3923C80EF3004F4B34 /* Project object */;
}
